// !$*UTF8*$!
{
	archiveVersion = 1;
	classes = {
	};
	objectVersion = 46;
	objects = {

/* Begin PBXBuildFile section */
		041B8FDB1B1D863500971014 /* MainViewController.m in Sources */ = {isa = PBXBuildFile; fileRef = 041B8FDA1B1D863500971014 /* MainViewController.m */; };
		0423C2D11B1EEEF4000DCE8B /* imgaddress.png in Resources */ = {isa = PBXBuildFile; fileRef = 0423C2C81B1EEEF4000DCE8B /* imgaddress.png */; };
		0423C2D21B1EEEF4000DCE8B /* imgbirthday.png in Resources */ = {isa = PBXBuildFile; fileRef = 0423C2C91B1EEEF4000DCE8B /* imgbirthday.png */; };
		0423C2D31B1EEEF4000DCE8B /* imgcardID.png in Resources */ = {isa = PBXBuildFile; fileRef = 0423C2CA1B1EEEF4000DCE8B /* imgcardID.png */; };
		0423C2D41B1EEEF4000DCE8B /* imgcardType.png in Resources */ = {isa = PBXBuildFile; fileRef = 0423C2CB1B1EEEF4000DCE8B /* imgcardType.png */; };
		0423C2D51B1EEEF4000DCE8B /* imgEmail.png in Resources */ = {isa = PBXBuildFile; fileRef = 0423C2CC1B1EEEF4000DCE8B /* imgEmail.png */; };
		0423C2D61B1EEEF4000DCE8B /* imgName.png in Resources */ = {isa = PBXBuildFile; fileRef = 0423C2CD1B1EEEF4000DCE8B /* imgName.png */; };
		0423C2D71B1EEEF4000DCE8B /* imgpassword.png in Resources */ = {isa = PBXBuildFile; fileRef = 0423C2CE1B1EEEF4000DCE8B /* imgpassword.png */; };
		0423C2D81B1EEEF4000DCE8B /* imgPhoneNUM.png in Resources */ = {isa = PBXBuildFile; fileRef = 0423C2CF1B1EEEF4000DCE8B /* imgPhoneNUM.png */; };
		0423C2D91B1EEEF4000DCE8B /* imgsurePass.png in Resources */ = {isa = PBXBuildFile; fileRef = 0423C2D01B1EEEF4000DCE8B /* imgsurePass.png */; };
		0423C2DB1B1EFA24000DCE8B /* registeButton.png in Resources */ = {isa = PBXBuildFile; fileRef = 0423C2DA1B1EFA24000DCE8B /* registeButton.png */; };
		0423C2DD1B1EFC1A000DCE8B /* registeButton2.png in Resources */ = {isa = PBXBuildFile; fileRef = 0423C2DC1B1EFC1A000DCE8B /* registeButton2.png */; };
		044C549C1B1EC5F700B5A5FF /* Accelerate.framework in Frameworks */ = {isa = PBXBuildFile; fileRef = 044C549B1B1EC5F700B5A5FF /* Accelerate.framework */; };
		0450AEAC1B1DB3840003ED6B /* RegisteViewController.m in Sources */ = {isa = PBXBuildFile; fileRef = 0450AEAB1B1DB3840003ED6B /* RegisteViewController.m */; };
		046E733A1B1869CD00C57B2D /* HttpRequest.m in Sources */ = {isa = PBXBuildFile; fileRef = 046E73391B1869CD00C57B2D /* HttpRequest.m */; };
		047D2F9C1B17FF28003095DB /* LoginViewController.m in Sources */ = {isa = PBXBuildFile; fileRef = 047D2F9B1B17FF28003095DB /* LoginViewController.m */; };
		048397091B1D5735005D6BB9 /* viewOtherDeal.m in Sources */ = {isa = PBXBuildFile; fileRef = 048397081B1D5735005D6BB9 /* viewOtherDeal.m */; };
		04B029B21B171FB000D88D16 /* main.m in Sources */ = {isa = PBXBuildFile; fileRef = 04B029B11B171FB000D88D16 /* main.m */; };
		04B029B51B171FB000D88D16 /* AppDelegate.m in Sources */ = {isa = PBXBuildFile; fileRef = 04B029B41B171FB000D88D16 /* AppDelegate.m */; };
		04B029BD1B171FB000D88D16 /* Images.xcassets in Resources */ = {isa = PBXBuildFile; fileRef = 04B029BC1B171FB000D88D16 /* Images.xcassets */; };
		04B029CC1B171FB000D88D16 /* OrderManageTests.m in Sources */ = {isa = PBXBuildFile; fileRef = 04B029CB1B171FB000D88D16 /* OrderManageTests.m */; };
		04B029D61B171FFC00D88D16 /* LaunchScreen.xib in Resources */ = {isa = PBXBuildFile; fileRef = 04B029D51B171FFC00D88D16 /* LaunchScreen.xib */; };
		04B029DE1B17210100D88D16 /* iPhone_iOS_29.png in Resources */ = {isa = PBXBuildFile; fileRef = 04B029D81B17210100D88D16 /* iPhone_iOS_29.png */; };
		04B029DF1B17210100D88D16 /* iPhone_iOS_29@2x.png in Resources */ = {isa = PBXBuildFile; fileRef = 04B029D91B17210100D88D16 /* iPhone_iOS_29@2x.png */; };
		04B029E01B17210100D88D16 /* iPhone_iOS_40@2x.png in Resources */ = {isa = PBXBuildFile; fileRef = 04B029DA1B17210100D88D16 /* iPhone_iOS_40@2x.png */; };
		04B029E11B17210100D88D16 /* iPhone_iOS_57.png in Resources */ = {isa = PBXBuildFile; fileRef = 04B029DB1B17210100D88D16 /* iPhone_iOS_57.png */; };
		04B029E21B17210100D88D16 /* iPhone_iOS_57@2x.png in Resources */ = {isa = PBXBuildFile; fileRef = 04B029DC1B17210100D88D16 /* iPhone_iOS_57@2x.png */; };
		04B029E31B17210100D88D16 /* iPhone_iOS_60@2x.png in Resources */ = {isa = PBXBuildFile; fileRef = 04B029DD1B17210100D88D16 /* iPhone_iOS_60@2x.png */; };
		04B029F81B17220600D88D16 /* 产品入库.png in Resources */ = {isa = PBXBuildFile; fileRef = 04B029E51B17220600D88D16 /* 产品入库.png */; };
		04B029F91B17220600D88D16 /* 登陆按钮A.png in Resources */ = {isa = PBXBuildFile; fileRef = 04B029E61B17220600D88D16 /* 登陆按钮A.png */; };
		04B029FA1B17220600D88D16 /* 会员管理.png in Resources */ = {isa = PBXBuildFile; fileRef = 04B029E71B17220600D88D16 /* 会员管理.png */; };
		04B029FB1B17220600D88D16 /* 会员列表.png in Resources */ = {isa = PBXBuildFile; fileRef = 04B029E81B17220600D88D16 /* 会员列表.png */; };
		04B029FC1B17220600D88D16 /* 会员注册.png in Resources */ = {isa = PBXBuildFile; fileRef = 04B029E91B17220600D88D16 /* 会员注册.png */; };
		04B029FD1B17220600D88D16 /* 积分管理.png in Resources */ = {isa = PBXBuildFile; fileRef = 04B029EA1B17220600D88D16 /* 积分管理.png */; };
		04B029FE1B17220600D88D16 /* 计次卡.png in Resources */ = {isa = PBXBuildFile; fileRef = 04B029EB1B17220600D88D16 /* 计次卡.png */; };
		04B029FF1B17220600D88D16 /* 结算交班.png in Resources */ = {isa = PBXBuildFile; fileRef = 04B029EC1B17220600D88D16 /* 结算交班.png */; };
		04B02A001B17220600D88D16 /* 库存盘点.png in Resources */ = {isa = PBXBuildFile; fileRef = 04B029ED1B17220600D88D16 /* 库存盘点.png */; };
		04B02A011B17220600D88D16 /* 快速消费.png in Resources */ = {isa = PBXBuildFile; fileRef = 04B029EE1B17220600D88D16 /* 快速消费.png */; };
		04B02A021B17220600D88D16 /* 密码.png in Resources */ = {isa = PBXBuildFile; fileRef = 04B029EF1B17220600D88D16 /* 密码.png */; };
		04B02A031B17220600D88D16 /* 入库历史.png in Resources */ = {isa = PBXBuildFile; fileRef = 04B029F01B17220600D88D16 /* 入库历史.png */; };
		04B02A041B17220600D88D16 /* 头像.png in Resources */ = {isa = PBXBuildFile; fileRef = 04B029F11B17220600D88D16 /* 头像.png */; };
		04B02A051B17220600D88D16 /* 系统设置.png in Resources */ = {isa = PBXBuildFile; fileRef = 04B029F21B17220600D88D16 /* 系统设置.png */; };
		04B02A061B17220600D88D16 /* 消费明细.png in Resources */ = {isa = PBXBuildFile; fileRef = 04B029F31B17220600D88D16 /* 消费明细.png */; };
		04B02A071B17220600D88D16 /* 消费收银.png in Resources */ = {isa = PBXBuildFile; fileRef = 04B029F41B17220600D88D16 /* 消费收银.png */; };
		04B02A081B17220600D88D16 /* 业务统计.png in Resources */ = {isa = PBXBuildFile; fileRef = 04B029F51B17220600D88D16 /* 业务统计.png */; };
		04B02A091B17220600D88D16 /* 原大小.png in Resources */ = {isa = PBXBuildFile; fileRef = 04B029F61B17220600D88D16 /* 原大小.png */; };
		04B02A0A1B17220600D88D16 /* 账号.png in Resources */ = {isa = PBXBuildFile; fileRef = 04B029F71B17220600D88D16 /* 账号.png */; };
		04B02A0C1B1722A400D88D16 /* Main.storyboard in Resources */ = {isa = PBXBuildFile; fileRef = 04B02A0B1B1722A400D88D16 /* Main.storyboard */; };
		04BADA671B1C370100ABB52B /* SystemConfiguration.framework in Frameworks */ = {isa = PBXBuildFile; fileRef = 04BADA661B1C370100ABB52B /* SystemConfiguration.framework */; };
		04BADA691B1C371000ABB52B /* MobileCoreServices.framework in Frameworks */ = {isa = PBXBuildFile; fileRef = 04BADA681B1C371000ABB52B /* MobileCoreServices.framework */; };
		04BADA761B1C382900ABB52B /* AFURLConnectionOperation.m in Sources */ = {isa = PBXBuildFile; fileRef = 04BADA711B1C382900ABB52B /* AFURLConnectionOperation.m */; };
		04BADA771B1C382900ABB52B /* AFHTTPRequestOperation.m in Sources */ = {isa = PBXBuildFile; fileRef = 04BADA731B1C382900ABB52B /* AFHTTPRequestOperation.m */; };
		04BADA781B1C382900ABB52B /* AFHTTPRequestOperationManager.m in Sources */ = {isa = PBXBuildFile; fileRef = 04BADA751B1C382900ABB52B /* AFHTTPRequestOperationManager.m */; };
		04BADA7D1B1C383A00ABB52B /* AFURLSessionManager.m in Sources */ = {isa = PBXBuildFile; fileRef = 04BADA7A1B1C383A00ABB52B /* AFURLSessionManager.m */; };
		04BADA7E1B1C383A00ABB52B /* AFHTTPSessionManager.m in Sources */ = {isa = PBXBuildFile; fileRef = 04BADA7C1B1C383A00ABB52B /* AFHTTPSessionManager.m */; };
		04BADA831B1C384D00ABB52B /* AFURLRequestSerialization.m in Sources */ = {isa = PBXBuildFile; fileRef = 04BADA801B1C384D00ABB52B /* AFURLRequestSerialization.m */; };
		04BADA841B1C384D00ABB52B /* AFURLResponseSerialization.m in Sources */ = {isa = PBXBuildFile; fileRef = 04BADA821B1C384D00ABB52B /* AFURLResponseSerialization.m */; };
		04BADA871B1C385A00ABB52B /* AFNetworkReachabilityManager.m in Sources */ = {isa = PBXBuildFile; fileRef = 04BADA861B1C385A00ABB52B /* AFNetworkReachabilityManager.m */; };
		04BADA8A1B1C386500ABB52B /* AFSecurityPolicy.m in Sources */ = {isa = PBXBuildFile; fileRef = 04BADA891B1C386500ABB52B /* AFSecurityPolicy.m */; };
		04BADA9D1B1C389900ABB52B /* AFNetworkActivityIndicatorManager.m in Sources */ = {isa = PBXBuildFile; fileRef = 04BADA8E1B1C389900ABB52B /* AFNetworkActivityIndicatorManager.m */; };
		04BADA9E1B1C389900ABB52B /* UIActivityIndicatorView+AFNetworking.m in Sources */ = {isa = PBXBuildFile; fileRef = 04BADA901B1C389900ABB52B /* UIActivityIndicatorView+AFNetworking.m */; };
		04BADA9F1B1C389900ABB52B /* UIAlertView+AFNetworking.m in Sources */ = {isa = PBXBuildFile; fileRef = 04BADA921B1C389900ABB52B /* UIAlertView+AFNetworking.m */; };
		04BADAA01B1C389900ABB52B /* UIButton+AFNetworking.m in Sources */ = {isa = PBXBuildFile; fileRef = 04BADA941B1C389900ABB52B /* UIButton+AFNetworking.m */; };
		04BADAA11B1C389900ABB52B /* UIImageView+AFNetworking.m in Sources */ = {isa = PBXBuildFile; fileRef = 04BADA961B1C389900ABB52B /* UIImageView+AFNetworking.m */; };
		04BADAA21B1C389900ABB52B /* UIProgressView+AFNetworking.m in Sources */ = {isa = PBXBuildFile; fileRef = 04BADA981B1C389900ABB52B /* UIProgressView+AFNetworking.m */; };
		04BADAA31B1C389900ABB52B /* UIRefreshControl+AFNetworking.m in Sources */ = {isa = PBXBuildFile; fileRef = 04BADA9A1B1C389900ABB52B /* UIRefreshControl+AFNetworking.m */; };
		04BADAA41B1C389900ABB52B /* UIWebView+AFNetworking.m in Sources */ = {isa = PBXBuildFile; fileRef = 04BADA9C1B1C389900ABB52B /* UIWebView+AFNetworking.m */; };
		04BADAA61B1C38BB00ABB52B /* Security.framework in Frameworks */ = {isa = PBXBuildFile; fileRef = 04BADAA51B1C38BB00ABB52B /* Security.framework */; };
		04BADAA81B1C38E700ABB52B /* CoreLocation.framework in Frameworks */ = {isa = PBXBuildFile; fileRef = 04BADAA71B1C38E700ABB52B /* CoreLocation.framework */; };
		04BADAAA1B1C38F700ABB52B /* UIKit.framework in Frameworks */ = {isa = PBXBuildFile; fileRef = 04BADAA91B1C38F700ABB52B /* UIKit.framework */; };
		04BADAAC1B1C390200ABB52B /* Foundation.framework in Frameworks */ = {isa = PBXBuildFile; fileRef = 04BADAAB1B1C390200ABB52B /* Foundation.framework */; };
		04BADAAE1B1C390D00ABB52B /* CoreGraphics.framework in Frameworks */ = {isa = PBXBuildFile; fileRef = 04BADAAD1B1C390D00ABB52B /* CoreGraphics.framework */; };
/* End PBXBuildFile section */

/* Begin PBXContainerItemProxy section */
		04B029C61B171FB000D88D16 /* PBXContainerItemProxy */ = {
			isa = PBXContainerItemProxy;
			containerPortal = 04B029A41B171FB000D88D16 /* Project object */;
			proxyType = 1;
			remoteGlobalIDString = 04B029AB1B171FB000D88D16;
			remoteInfo = OrderManage;
		};
/* End PBXContainerItemProxy section */

/* Begin PBXFileReference section */
		041B8FD91B1D863500971014 /* MainViewController.h */ = {isa = PBXFileReference; fileEncoding = 4; lastKnownFileType = sourcecode.c.h; path = MainViewController.h; sourceTree = "<group>"; };
		041B8FDA1B1D863500971014 /* MainViewController.m */ = {isa = PBXFileReference; fileEncoding = 4; lastKnownFileType = sourcecode.c.objc; path = MainViewController.m; sourceTree = "<group>"; };
		0423C2C81B1EEEF4000DCE8B /* imgaddress.png */ = {isa = PBXFileReference; lastKnownFileType = image.png; path = imgaddress.png; sourceTree = "<group>"; };
		0423C2C91B1EEEF4000DCE8B /* imgbirthday.png */ = {isa = PBXFileReference; lastKnownFileType = image.png; path = imgbirthday.png; sourceTree = "<group>"; };
		0423C2CA1B1EEEF4000DCE8B /* imgcardID.png */ = {isa = PBXFileReference; lastKnownFileType = image.png; path = imgcardID.png; sourceTree = "<group>"; };
		0423C2CB1B1EEEF4000DCE8B /* imgcardType.png */ = {isa = PBXFileReference; lastKnownFileType = image.png; path = imgcardType.png; sourceTree = "<group>"; };
		0423C2CC1B1EEEF4000DCE8B /* imgEmail.png */ = {isa = PBXFileReference; lastKnownFileType = image.png; path = imgEmail.png; sourceTree = "<group>"; };
		0423C2CD1B1EEEF4000DCE8B /* imgName.png */ = {isa = PBXFileReference; lastKnownFileType = image.png; path = imgName.png; sourceTree = "<group>"; };
		0423C2CE1B1EEEF4000DCE8B /* imgpassword.png */ = {isa = PBXFileReference; lastKnownFileType = image.png; path = imgpassword.png; sourceTree = "<group>"; };
		0423C2CF1B1EEEF4000DCE8B /* imgPhoneNUM.png */ = {isa = PBXFileReference; lastKnownFileType = image.png; path = imgPhoneNUM.png; sourceTree = "<group>"; };
		0423C2D01B1EEEF4000DCE8B /* imgsurePass.png */ = {isa = PBXFileReference; lastKnownFileType = image.png; path = imgsurePass.png; sourceTree = "<group>"; };
		0423C2DA1B1EFA24000DCE8B /* registeButton.png */ = {isa = PBXFileReference; lastKnownFileType = image.png; path = registeButton.png; sourceTree = "<group>"; };
		0423C2DC1B1EFC1A000DCE8B /* registeButton2.png */ = {isa = PBXFileReference; lastKnownFileType = image.png; path = registeButton2.png; sourceTree = "<group>"; };
		044C549B1B1EC5F700B5A5FF /* Accelerate.framework */ = {isa = PBXFileReference; lastKnownFileType = wrapper.framework; name = Accelerate.framework; path = System/Library/Frameworks/Accelerate.framework; sourceTree = SDKROOT; };
		0450AEAA1B1DB3840003ED6B /* RegisteViewController.h */ = {isa = PBXFileReference; fileEncoding = 4; lastKnownFileType = sourcecode.c.h; path = RegisteViewController.h; sourceTree = "<group>"; };
		0450AEAB1B1DB3840003ED6B /* RegisteViewController.m */ = {isa = PBXFileReference; fileEncoding = 4; lastKnownFileType = sourcecode.c.objc; path = RegisteViewController.m; sourceTree = "<group>"; };
		046E73381B1869CD00C57B2D /* HttpRequest.h */ = {isa = PBXFileReference; fileEncoding = 4; lastKnownFileType = sourcecode.c.h; path = HttpRequest.h; sourceTree = "<group>"; };
		046E73391B1869CD00C57B2D /* HttpRequest.m */ = {isa = PBXFileReference; fileEncoding = 4; lastKnownFileType = sourcecode.c.objc; path = HttpRequest.m; sourceTree = "<group>"; };
		047D2F9A1B17FF28003095DB /* LoginViewController.h */ = {isa = PBXFileReference; fileEncoding = 4; lastKnownFileType = sourcecode.c.h; path = LoginViewController.h; sourceTree = "<group>"; };
		047D2F9B1B17FF28003095DB /* LoginViewController.m */ = {isa = PBXFileReference; fileEncoding = 4; lastKnownFileType = sourcecode.c.objc; path = LoginViewController.m; sourceTree = "<group>"; };
		048397071B1D5735005D6BB9 /* viewOtherDeal.h */ = {isa = PBXFileReference; fileEncoding = 4; lastKnownFileType = sourcecode.c.h; path = viewOtherDeal.h; sourceTree = "<group>"; };
		048397081B1D5735005D6BB9 /* viewOtherDeal.m */ = {isa = PBXFileReference; fileEncoding = 4; lastKnownFileType = sourcecode.c.objc; path = viewOtherDeal.m; sourceTree = "<group>"; };
		04B029AC1B171FB000D88D16 /* OrderManage.app */ = {isa = PBXFileReference; explicitFileType = wrapper.application; includeInIndex = 0; path = OrderManage.app; sourceTree = BUILT_PRODUCTS_DIR; };
		04B029B01B171FB000D88D16 /* Info.plist */ = {isa = PBXFileReference; lastKnownFileType = text.plist.xml; path = Info.plist; sourceTree = "<group>"; };
		04B029B11B171FB000D88D16 /* main.m */ = {isa = PBXFileReference; lastKnownFileType = sourcecode.c.objc; path = main.m; sourceTree = "<group>"; };
		04B029B31B171FB000D88D16 /* AppDelegate.h */ = {isa = PBXFileReference; lastKnownFileType = sourcecode.c.h; path = AppDelegate.h; sourceTree = "<group>"; };
		04B029B41B171FB000D88D16 /* AppDelegate.m */ = {isa = PBXFileReference; lastKnownFileType = sourcecode.c.objc; path = AppDelegate.m; sourceTree = "<group>"; };
		04B029BC1B171FB000D88D16 /* Images.xcassets */ = {isa = PBXFileReference; lastKnownFileType = folder.assetcatalog; path = Images.xcassets; sourceTree = "<group>"; };
		04B029C51B171FB000D88D16 /* OrderManageTests.xctest */ = {isa = PBXFileReference; explicitFileType = wrapper.cfbundle; includeInIndex = 0; path = OrderManageTests.xctest; sourceTree = BUILT_PRODUCTS_DIR; };
		04B029CA1B171FB000D88D16 /* Info.plist */ = {isa = PBXFileReference; lastKnownFileType = text.plist.xml; path = Info.plist; sourceTree = "<group>"; };
		04B029CB1B171FB000D88D16 /* OrderManageTests.m */ = {isa = PBXFileReference; lastKnownFileType = sourcecode.c.objc; path = OrderManageTests.m; sourceTree = "<group>"; };
		04B029D51B171FFC00D88D16 /* LaunchScreen.xib */ = {isa = PBXFileReference; fileEncoding = 4; lastKnownFileType = file.xib; path = LaunchScreen.xib; sourceTree = "<group>"; };
		04B029D81B17210100D88D16 /* iPhone_iOS_29.png */ = {isa = PBXFileReference; lastKnownFileType = image.png; path = iPhone_iOS_29.png; sourceTree = "<group>"; };
		04B029D91B17210100D88D16 /* iPhone_iOS_29@2x.png */ = {isa = PBXFileReference; lastKnownFileType = image.png; path = "iPhone_iOS_29@2x.png"; sourceTree = "<group>"; };
		04B029DA1B17210100D88D16 /* iPhone_iOS_40@2x.png */ = {isa = PBXFileReference; lastKnownFileType = image.png; path = "iPhone_iOS_40@2x.png"; sourceTree = "<group>"; };
		04B029DB1B17210100D88D16 /* iPhone_iOS_57.png */ = {isa = PBXFileReference; lastKnownFileType = image.png; path = iPhone_iOS_57.png; sourceTree = "<group>"; };
		04B029DC1B17210100D88D16 /* iPhone_iOS_57@2x.png */ = {isa = PBXFileReference; lastKnownFileType = image.png; path = "iPhone_iOS_57@2x.png"; sourceTree = "<group>"; };
		04B029DD1B17210100D88D16 /* iPhone_iOS_60@2x.png */ = {isa = PBXFileReference; lastKnownFileType = image.png; path = "iPhone_iOS_60@2x.png"; sourceTree = "<group>"; };
		04B029E51B17220600D88D16 /* 产品入库.png */ = {isa = PBXFileReference; lastKnownFileType = image.png; path = "产品入库.png"; sourceTree = "<group>"; };
		04B029E61B17220600D88D16 /* 登陆按钮A.png */ = {isa = PBXFileReference; lastKnownFileType = image.png; path = "登陆按钮A.png"; sourceTree = "<group>"; };
		04B029E71B17220600D88D16 /* 会员管理.png */ = {isa = PBXFileReference; lastKnownFileType = image.png; path = "会员管理.png"; sourceTree = "<group>"; };
		04B029E81B17220600D88D16 /* 会员列表.png */ = {isa = PBXFileReference; lastKnownFileType = image.png; path = "会员列表.png"; sourceTree = "<group>"; };
		04B029E91B17220600D88D16 /* 会员注册.png */ = {isa = PBXFileReference; lastKnownFileType = image.png; path = "会员注册.png"; sourceTree = "<group>"; };
		04B029EA1B17220600D88D16 /* 积分管理.png */ = {isa = PBXFileReference; lastKnownFileType = image.png; path = "积分管理.png"; sourceTree = "<group>"; };
		04B029EB1B17220600D88D16 /* 计次卡.png */ = {isa = PBXFileReference; lastKnownFileType = image.png; path = "计次卡.png"; sourceTree = "<group>"; };
		04B029EC1B17220600D88D16 /* 结算交班.png */ = {isa = PBXFileReference; lastKnownFileType = image.png; path = "结算交班.png"; sourceTree = "<group>"; };
		04B029ED1B17220600D88D16 /* 库存盘点.png */ = {isa = PBXFileReference; lastKnownFileType = image.png; path = "库存盘点.png"; sourceTree = "<group>"; };
		04B029EE1B17220600D88D16 /* 快速消费.png */ = {isa = PBXFileReference; lastKnownFileType = image.png; path = "快速消费.png"; sourceTree = "<group>"; };
		04B029EF1B17220600D88D16 /* 密码.png */ = {isa = PBXFileReference; lastKnownFileType = image.png; path = "密码.png"; sourceTree = "<group>"; };
		04B029F01B17220600D88D16 /* 入库历史.png */ = {isa = PBXFileReference; lastKnownFileType = image.png; path = "入库历史.png"; sourceTree = "<group>"; };
		04B029F11B17220600D88D16 /* 头像.png */ = {isa = PBXFileReference; lastKnownFileType = image.png; path = "头像.png"; sourceTree = "<group>"; };
		04B029F21B17220600D88D16 /* 系统设置.png */ = {isa = PBXFileReference; lastKnownFileType = image.png; path = "系统设置.png"; sourceTree = "<group>"; };
		04B029F31B17220600D88D16 /* 消费明细.png */ = {isa = PBXFileReference; lastKnownFileType = image.png; path = "消费明细.png"; sourceTree = "<group>"; };
		04B029F41B17220600D88D16 /* 消费收银.png */ = {isa = PBXFileReference; lastKnownFileType = image.png; path = "消费收银.png"; sourceTree = "<group>"; };
		04B029F51B17220600D88D16 /* 业务统计.png */ = {isa = PBXFileReference; lastKnownFileType = image.png; path = "业务统计.png"; sourceTree = "<group>"; };
		04B029F61B17220600D88D16 /* 原大小.png */ = {isa = PBXFileReference; lastKnownFileType = image.png; path = "原大小.png"; sourceTree = "<group>"; };
		04B029F71B17220600D88D16 /* 账号.png */ = {isa = PBXFileReference; lastKnownFileType = image.png; path = "账号.png"; sourceTree = "<group>"; };
		04B02A0B1B1722A400D88D16 /* Main.storyboard */ = {isa = PBXFileReference; fileEncoding = 4; lastKnownFileType = file.storyboard; path = Main.storyboard; sourceTree = "<group>"; };
		04BADA661B1C370100ABB52B /* SystemConfiguration.framework */ = {isa = PBXFileReference; lastKnownFileType = wrapper.framework; name = SystemConfiguration.framework; path = System/Library/Frameworks/SystemConfiguration.framework; sourceTree = SDKROOT; };
		04BADA681B1C371000ABB52B /* MobileCoreServices.framework */ = {isa = PBXFileReference; lastKnownFileType = wrapper.framework; name = MobileCoreServices.framework; path = System/Library/Frameworks/MobileCoreServices.framework; sourceTree = SDKROOT; };
		04BADA6A1B1C378900ABB52B /* AFNetworking.h */ = {isa = PBXFileReference; lastKnownFileType = sourcecode.c.h; path = AFNetworking.h; sourceTree = "<group>"; };
		04BADA701B1C382900ABB52B /* AFURLConnectionOperation.h */ = {isa = PBXFileReference; fileEncoding = 4; lastKnownFileType = sourcecode.c.h; path = AFURLConnectionOperation.h; sourceTree = "<group>"; };
		04BADA711B1C382900ABB52B /* AFURLConnectionOperation.m */ = {isa = PBXFileReference; fileEncoding = 4; lastKnownFileType = sourcecode.c.objc; path = AFURLConnectionOperation.m; sourceTree = "<group>"; };
		04BADA721B1C382900ABB52B /* AFHTTPRequestOperation.h */ = {isa = PBXFileReference; fileEncoding = 4; lastKnownFileType = sourcecode.c.h; path = AFHTTPRequestOperation.h; sourceTree = "<group>"; };
		04BADA731B1C382900ABB52B /* AFHTTPRequestOperation.m */ = {isa = PBXFileReference; fileEncoding = 4; lastKnownFileType = sourcecode.c.objc; path = AFHTTPRequestOperation.m; sourceTree = "<group>"; };
		04BADA741B1C382900ABB52B /* AFHTTPRequestOperationManager.h */ = {isa = PBXFileReference; fileEncoding = 4; lastKnownFileType = sourcecode.c.h; path = AFHTTPRequestOperationManager.h; sourceTree = "<group>"; };
		04BADA751B1C382900ABB52B /* AFHTTPRequestOperationManager.m */ = {isa = PBXFileReference; fileEncoding = 4; lastKnownFileType = sourcecode.c.objc; path = AFHTTPRequestOperationManager.m; sourceTree = "<group>"; };
		04BADA791B1C383A00ABB52B /* AFURLSessionManager.h */ = {isa = PBXFileReference; fileEncoding = 4; lastKnownFileType = sourcecode.c.h; path = AFURLSessionManager.h; sourceTree = "<group>"; };
		04BADA7A1B1C383A00ABB52B /* AFURLSessionManager.m */ = {isa = PBXFileReference; fileEncoding = 4; lastKnownFileType = sourcecode.c.objc; path = AFURLSessionManager.m; sourceTree = "<group>"; };
		04BADA7B1B1C383A00ABB52B /* AFHTTPSessionManager.h */ = {isa = PBXFileReference; fileEncoding = 4; lastKnownFileType = sourcecode.c.h; path = AFHTTPSessionManager.h; sourceTree = "<group>"; };
		04BADA7C1B1C383A00ABB52B /* AFHTTPSessionManager.m */ = {isa = PBXFileReference; fileEncoding = 4; lastKnownFileType = sourcecode.c.objc; path = AFHTTPSessionManager.m; sourceTree = "<group>"; };
		04BADA7F1B1C384D00ABB52B /* AFURLRequestSerialization.h */ = {isa = PBXFileReference; fileEncoding = 4; lastKnownFileType = sourcecode.c.h; path = AFURLRequestSerialization.h; sourceTree = "<group>"; };
		04BADA801B1C384D00ABB52B /* AFURLRequestSerialization.m */ = {isa = PBXFileReference; fileEncoding = 4; lastKnownFileType = sourcecode.c.objc; path = AFURLRequestSerialization.m; sourceTree = "<group>"; };
		04BADA811B1C384D00ABB52B /* AFURLResponseSerialization.h */ = {isa = PBXFileReference; fileEncoding = 4; lastKnownFileType = sourcecode.c.h; path = AFURLResponseSerialization.h; sourceTree = "<group>"; };
		04BADA821B1C384D00ABB52B /* AFURLResponseSerialization.m */ = {isa = PBXFileReference; fileEncoding = 4; lastKnownFileType = sourcecode.c.objc; path = AFURLResponseSerialization.m; sourceTree = "<group>"; };
		04BADA851B1C385A00ABB52B /* AFNetworkReachabilityManager.h */ = {isa = PBXFileReference; fileEncoding = 4; lastKnownFileType = sourcecode.c.h; path = AFNetworkReachabilityManager.h; sourceTree = "<group>"; };
		04BADA861B1C385A00ABB52B /* AFNetworkReachabilityManager.m */ = {isa = PBXFileReference; fileEncoding = 4; lastKnownFileType = sourcecode.c.objc; path = AFNetworkReachabilityManager.m; sourceTree = "<group>"; };
		04BADA881B1C386500ABB52B /* AFSecurityPolicy.h */ = {isa = PBXFileReference; fileEncoding = 4; lastKnownFileType = sourcecode.c.h; path = AFSecurityPolicy.h; sourceTree = "<group>"; };
		04BADA891B1C386500ABB52B /* AFSecurityPolicy.m */ = {isa = PBXFileReference; fileEncoding = 4; lastKnownFileType = sourcecode.c.objc; path = AFSecurityPolicy.m; sourceTree = "<group>"; };
		04BADA8C1B1C389900ABB52B /* UIKit+AFNetworking.h */ = {isa = PBXFileReference; fileEncoding = 4; lastKnownFileType = sourcecode.c.h; path = "UIKit+AFNetworking.h"; sourceTree = "<group>"; };
		04BADA8D1B1C389900ABB52B /* AFNetworkActivityIndicatorManager.h */ = {isa = PBXFileReference; fileEncoding = 4; lastKnownFileType = sourcecode.c.h; path = AFNetworkActivityIndicatorManager.h; sourceTree = "<group>"; };
		04BADA8E1B1C389900ABB52B /* AFNetworkActivityIndicatorManager.m */ = {isa = PBXFileReference; fileEncoding = 4; lastKnownFileType = sourcecode.c.objc; path = AFNetworkActivityIndicatorManager.m; sourceTree = "<group>"; };
		04BADA8F1B1C389900ABB52B /* UIActivityIndicatorView+AFNetworking.h */ = {isa = PBXFileReference; fileEncoding = 4; lastKnownFileType = sourcecode.c.h; path = "UIActivityIndicatorView+AFNetworking.h"; sourceTree = "<group>"; };
		04BADA901B1C389900ABB52B /* UIActivityIndicatorView+AFNetworking.m */ = {isa = PBXFileReference; fileEncoding = 4; lastKnownFileType = sourcecode.c.objc; path = "UIActivityIndicatorView+AFNetworking.m"; sourceTree = "<group>"; };
		04BADA911B1C389900ABB52B /* UIAlertView+AFNetworking.h */ = {isa = PBXFileReference; fileEncoding = 4; lastKnownFileType = sourcecode.c.h; path = "UIAlertView+AFNetworking.h"; sourceTree = "<group>"; };
		04BADA921B1C389900ABB52B /* UIAlertView+AFNetworking.m */ = {isa = PBXFileReference; fileEncoding = 4; lastKnownFileType = sourcecode.c.objc; path = "UIAlertView+AFNetworking.m"; sourceTree = "<group>"; };
		04BADA931B1C389900ABB52B /* UIButton+AFNetworking.h */ = {isa = PBXFileReference; fileEncoding = 4; lastKnownFileType = sourcecode.c.h; path = "UIButton+AFNetworking.h"; sourceTree = "<group>"; };
		04BADA941B1C389900ABB52B /* UIButton+AFNetworking.m */ = {isa = PBXFileReference; fileEncoding = 4; lastKnownFileType = sourcecode.c.objc; path = "UIButton+AFNetworking.m"; sourceTree = "<group>"; };
		04BADA951B1C389900ABB52B /* UIImageView+AFNetworking.h */ = {isa = PBXFileReference; fileEncoding = 4; lastKnownFileType = sourcecode.c.h; path = "UIImageView+AFNetworking.h"; sourceTree = "<group>"; };
		04BADA961B1C389900ABB52B /* UIImageView+AFNetworking.m */ = {isa = PBXFileReference; fileEncoding = 4; lastKnownFileType = sourcecode.c.objc; path = "UIImageView+AFNetworking.m"; sourceTree = "<group>"; };
		04BADA971B1C389900ABB52B /* UIProgressView+AFNetworking.h */ = {isa = PBXFileReference; fileEncoding = 4; lastKnownFileType = sourcecode.c.h; path = "UIProgressView+AFNetworking.h"; sourceTree = "<group>"; };
		04BADA981B1C389900ABB52B /* UIProgressView+AFNetworking.m */ = {isa = PBXFileReference; fileEncoding = 4; lastKnownFileType = sourcecode.c.objc; path = "UIProgressView+AFNetworking.m"; sourceTree = "<group>"; };
		04BADA991B1C389900ABB52B /* UIRefreshControl+AFNetworking.h */ = {isa = PBXFileReference; fileEncoding = 4; lastKnownFileType = sourcecode.c.h; path = "UIRefreshControl+AFNetworking.h"; sourceTree = "<group>"; };
		04BADA9A1B1C389900ABB52B /* UIRefreshControl+AFNetworking.m */ = {isa = PBXFileReference; fileEncoding = 4; lastKnownFileType = sourcecode.c.objc; path = "UIRefreshControl+AFNetworking.m"; sourceTree = "<group>"; };
		04BADA9B1B1C389900ABB52B /* UIWebView+AFNetworking.h */ = {isa = PBXFileReference; fileEncoding = 4; lastKnownFileType = sourcecode.c.h; path = "UIWebView+AFNetworking.h"; sourceTree = "<group>"; };
		04BADA9C1B1C389900ABB52B /* UIWebView+AFNetworking.m */ = {isa = PBXFileReference; fileEncoding = 4; lastKnownFileType = sourcecode.c.objc; path = "UIWebView+AFNetworking.m"; sourceTree = "<group>"; };
		04BADAA51B1C38BB00ABB52B /* Security.framework */ = {isa = PBXFileReference; lastKnownFileType = wrapper.framework; name = Security.framework; path = System/Library/Frameworks/Security.framework; sourceTree = SDKROOT; };
		04BADAA71B1C38E700ABB52B /* CoreLocation.framework */ = {isa = PBXFileReference; lastKnownFileType = wrapper.framework; name = CoreLocation.framework; path = System/Library/Frameworks/CoreLocation.framework; sourceTree = SDKROOT; };
		04BADAA91B1C38F700ABB52B /* UIKit.framework */ = {isa = PBXFileReference; lastKnownFileType = wrapper.framework; name = UIKit.framework; path = System/Library/Frameworks/UIKit.framework; sourceTree = SDKROOT; };
		04BADAAB1B1C390200ABB52B /* Foundation.framework */ = {isa = PBXFileReference; lastKnownFileType = wrapper.framework; name = Foundation.framework; path = System/Library/Frameworks/Foundation.framework; sourceTree = SDKROOT; };
		04BADAAD1B1C390D00ABB52B /* CoreGraphics.framework */ = {isa = PBXFileReference; lastKnownFileType = wrapper.framework; name = CoreGraphics.framework; path = System/Library/Frameworks/CoreGraphics.framework; sourceTree = SDKROOT; };
/* End PBXFileReference section */

/* Begin PBXFrameworksBuildPhase section */
		04B029A91B171FB000D88D16 /* Frameworks */ = {
			isa = PBXFrameworksBuildPhase;
			buildActionMask = 2147483647;
			files = (
				044C549C1B1EC5F700B5A5FF /* Accelerate.framework in Frameworks */,
				04BADAAE1B1C390D00ABB52B /* CoreGraphics.framework in Frameworks */,
				04BADAAC1B1C390200ABB52B /* Foundation.framework in Frameworks */,
				04BADAAA1B1C38F700ABB52B /* UIKit.framework in Frameworks */,
				04BADAA81B1C38E700ABB52B /* CoreLocation.framework in Frameworks */,
				04BADAA61B1C38BB00ABB52B /* Security.framework in Frameworks */,
				04BADA691B1C371000ABB52B /* MobileCoreServices.framework in Frameworks */,
				04BADA671B1C370100ABB52B /* SystemConfiguration.framework in Frameworks */,
			);
			runOnlyForDeploymentPostprocessing = 0;
		};
		04B029C21B171FB000D88D16 /* Frameworks */ = {
			isa = PBXFrameworksBuildPhase;
			buildActionMask = 2147483647;
			files = (
			);
			runOnlyForDeploymentPostprocessing = 0;
		};
/* End PBXFrameworksBuildPhase section */

/* Begin PBXGroup section */
		0423C2B51B1EE3AE000DCE8B /* registerImages */ = {
			isa = PBXGroup;
			children = (
				0423C2DC1B1EFC1A000DCE8B /* registeButton2.png */,
				0423C2DA1B1EFA24000DCE8B /* registeButton.png */,
				0423C2C81B1EEEF4000DCE8B /* imgaddress.png */,
				0423C2C91B1EEEF4000DCE8B /* imgbirthday.png */,
				0423C2CA1B1EEEF4000DCE8B /* imgcardID.png */,
				0423C2CB1B1EEEF4000DCE8B /* imgcardType.png */,
				0423C2CC1B1EEEF4000DCE8B /* imgEmail.png */,
				0423C2CD1B1EEEF4000DCE8B /* imgName.png */,
				0423C2CE1B1EEEF4000DCE8B /* imgpassword.png */,
				0423C2CF1B1EEEF4000DCE8B /* imgPhoneNUM.png */,
				0423C2D01B1EEEF4000DCE8B /* imgsurePass.png */,
			);
			name = registerImages;
			sourceTree = "<group>";
		};
		047D2F9D1B1801ED003095DB /* Controllers */ = {
			isa = PBXGroup;
			children = (
				047D2F9A1B17FF28003095DB /* LoginViewController.h */,
				047D2F9B1B17FF28003095DB /* LoginViewController.m */,
				041B8FD91B1D863500971014 /* MainViewController.h */,
				041B8FDA1B1D863500971014 /* MainViewController.m */,
				0450AEAA1B1DB3840003ED6B /* RegisteViewController.h */,
				0450AEAB1B1DB3840003ED6B /* RegisteViewController.m */,
			);
			name = Controllers;
			sourceTree = "<group>";
		};
		047D2F9E1B180202003095DB /* Views */ = {
			isa = PBXGroup;
			children = (
				04B02A0B1B1722A400D88D16 /* Main.storyboard */,
				04B029D51B171FFC00D88D16 /* LaunchScreen.xib */,
			);
			name = Views;
			sourceTree = "<group>";
		};
		047D2F9F1B18020B003095DB /* Models */ = {
			isa = PBXGroup;
			children = (
				048397071B1D5735005D6BB9 /* viewOtherDeal.h */,
				048397081B1D5735005D6BB9 /* viewOtherDeal.m */,
			);
			name = Models;
			sourceTree = "<group>";
		};
		047D2FA01B180229003095DB /* Delegates */ = {
			isa = PBXGroup;
			children = (
				04B029B31B171FB000D88D16 /* AppDelegate.h */,
				04B029B41B171FB000D88D16 /* AppDelegate.m */,
			);
			name = Delegates;
			sourceTree = "<group>";
		};
		047D2FA11B183E21003095DB /* http-request */ = {
			isa = PBXGroup;
			children = (
				04BADA8B1B1C388100ABB52B /* UIKit+AFNetworking */,
				04BADA651B1C357800ABB52B /* AFNetworking */,
				046E73381B1869CD00C57B2D /* HttpRequest.h */,
				046E73391B1869CD00C57B2D /* HttpRequest.m */,
			);
			name = "http-request";
			sourceTree = "<group>";
		};
		04B029A31B171FB000D88D16 = {
			isa = PBXGroup;
			children = (
				04B029AE1B171FB000D88D16 /* OrderManage */,
				04B029C81B171FB000D88D16 /* OrderManageTests */,
				04BADAAF1B1C396700ABB52B /* Frameworks */,
				04B029AD1B171FB000D88D16 /* Products */,
			);
			sourceTree = "<group>";
		};
		04B029AD1B171FB000D88D16 /* Products */ = {
			isa = PBXGroup;
			children = (
				04B029AC1B171FB000D88D16 /* OrderManage.app */,
				04B029C51B171FB000D88D16 /* OrderManageTests.xctest */,
			);
			name = Products;
			sourceTree = "<group>";
		};
		04B029AE1B171FB000D88D16 /* OrderManage */ = {
			isa = PBXGroup;
			children = (
				047D2FA11B183E21003095DB /* http-request */,
				047D2FA01B180229003095DB /* Delegates */,
				047D2F9F1B18020B003095DB /* Models */,
				047D2F9E1B180202003095DB /* Views */,
				047D2F9D1B1801ED003095DB /* Controllers */,
				04B029BC1B171FB000D88D16 /* Images.xcassets */,
				04B029AF1B171FB000D88D16 /* Supporting Files */,
			);
			path = OrderManage;
			sourceTree = "<group>";
		};
		04B029AF1B171FB000D88D16 /* Supporting Files */ = {
			isa = PBXGroup;
			children = (
				04B029E41B17211B00D88D16 /* images */,
				04B029D71B17203700D88D16 /* image_icon */,
				04B029B01B171FB000D88D16 /* Info.plist */,
				04B029B11B171FB000D88D16 /* main.m */,
			);
			name = "Supporting Files";
			sourceTree = "<group>";
		};
		04B029C81B171FB000D88D16 /* OrderManageTests */ = {
			isa = PBXGroup;
			children = (
				04B029CB1B171FB000D88D16 /* OrderManageTests.m */,
				04B029C91B171FB000D88D16 /* Supporting Files */,
			);
			path = OrderManageTests;
			sourceTree = "<group>";
		};
		04B029C91B171FB000D88D16 /* Supporting Files */ = {
			isa = PBXGroup;
			children = (
				04B029CA1B171FB000D88D16 /* Info.plist */,
			);
			name = "Supporting Files";
			sourceTree = "<group>";
		};
		04B029D71B17203700D88D16 /* image_icon */ = {
			isa = PBXGroup;
			children = (
				04B029D81B17210100D88D16 /* iPhone_iOS_29.png */,
				04B029D91B17210100D88D16 /* iPhone_iOS_29@2x.png */,
				04B029DA1B17210100D88D16 /* iPhone_iOS_40@2x.png */,
				04B029DB1B17210100D88D16 /* iPhone_iOS_57.png */,
				04B029DC1B17210100D88D16 /* iPhone_iOS_57@2x.png */,
				04B029DD1B17210100D88D16 /* iPhone_iOS_60@2x.png */,
			);
			name = image_icon;
			sourceTree = "<group>";
		};
		04B029E41B17211B00D88D16 /* images */ = {
			isa = PBXGroup;
			children = (
				0423C2B51B1EE3AE000DCE8B /* registerImages */,
				04B029E51B17220600D88D16 /* 产品入库.png */,
				04B029E61B17220600D88D16 /* 登陆按钮A.png */,
				04B029E71B17220600D88D16 /* 会员管理.png */,
				04B029E81B17220600D88D16 /* 会员列表.png */,
				04B029E91B17220600D88D16 /* 会员注册.png */,
				04B029EA1B17220600D88D16 /* 积分管理.png */,
				04B029EB1B17220600D88D16 /* 计次卡.png */,
				04B029EC1B17220600D88D16 /* 结算交班.png */,
				04B029ED1B17220600D88D16 /* 库存盘点.png */,
				04B029EE1B17220600D88D16 /* 快速消费.png */,
				04B029EF1B17220600D88D16 /* 密码.png */,
				04B029F01B17220600D88D16 /* 入库历史.png */,
				04B029F11B17220600D88D16 /* 头像.png */,
				04B029F21B17220600D88D16 /* 系统设置.png */,
				04B029F31B17220600D88D16 /* 消费明细.png */,
				04B029F41B17220600D88D16 /* 消费收银.png */,
				04B029F51B17220600D88D16 /* 业务统计.png */,
				04B029F61B17220600D88D16 /* 原大小.png */,
				04B029F71B17220600D88D16 /* 账号.png */,
			);
			name = images;
			sourceTree = "<group>";
		};
		04BADA651B1C357800ABB52B /* AFNetworking */ = {
			isa = PBXGroup;
			children = (
				04BADA6F1B1C37FA00ABB52B /* Security */,
				04BADA6E1B1C37E600ABB52B /* Reachability */,
				04BADA6D1B1C37C700ABB52B /* Serialization */,
				04BADA6C1B1C37BF00ABB52B /* NSURLSession */,
				04BADA6B1B1C37B000ABB52B /* NSURLConnection */,
				04BADA6A1B1C378900ABB52B /* AFNetworking.h */,
			);
			name = AFNetworking;
			sourceTree = "<group>";
		};
		04BADA6B1B1C37B000ABB52B /* NSURLConnection */ = {
			isa = PBXGroup;
			children = (
				04BADA701B1C382900ABB52B /* AFURLConnectionOperation.h */,
				04BADA711B1C382900ABB52B /* AFURLConnectionOperation.m */,
				04BADA721B1C382900ABB52B /* AFHTTPRequestOperation.h */,
				04BADA731B1C382900ABB52B /* AFHTTPRequestOperation.m */,
				04BADA741B1C382900ABB52B /* AFHTTPRequestOperationManager.h */,
				04BADA751B1C382900ABB52B /* AFHTTPRequestOperationManager.m */,
			);
			name = NSURLConnection;
			sourceTree = "<group>";
		};
		04BADA6C1B1C37BF00ABB52B /* NSURLSession */ = {
			isa = PBXGroup;
			children = (
				04BADA791B1C383A00ABB52B /* AFURLSessionManager.h */,
				04BADA7A1B1C383A00ABB52B /* AFURLSessionManager.m */,
				04BADA7B1B1C383A00ABB52B /* AFHTTPSessionManager.h */,
				04BADA7C1B1C383A00ABB52B /* AFHTTPSessionManager.m */,
			);
			name = NSURLSession;
			sourceTree = "<group>";
		};
		04BADA6D1B1C37C700ABB52B /* Serialization */ = {
			isa = PBXGroup;
			children = (
				04BADA7F1B1C384D00ABB52B /* AFURLRequestSerialization.h */,
				04BADA801B1C384D00ABB52B /* AFURLRequestSerialization.m */,
				04BADA811B1C384D00ABB52B /* AFURLResponseSerialization.h */,
				04BADA821B1C384D00ABB52B /* AFURLResponseSerialization.m */,
			);
			name = Serialization;
			sourceTree = "<group>";
		};
		04BADA6E1B1C37E600ABB52B /* Reachability */ = {
			isa = PBXGroup;
			children = (
				04BADA851B1C385A00ABB52B /* AFNetworkReachabilityManager.h */,
				04BADA861B1C385A00ABB52B /* AFNetworkReachabilityManager.m */,
			);
			name = Reachability;
			sourceTree = "<group>";
		};
		04BADA6F1B1C37FA00ABB52B /* Security */ = {
			isa = PBXGroup;
			children = (
				04BADA881B1C386500ABB52B /* AFSecurityPolicy.h */,
				04BADA891B1C386500ABB52B /* AFSecurityPolicy.m */,
			);
			name = Security;
			sourceTree = "<group>";
		};
		04BADA8B1B1C388100ABB52B /* UIKit+AFNetworking */ = {
			isa = PBXGroup;
			children = (
				04BADA8C1B1C389900ABB52B /* UIKit+AFNetworking.h */,
				04BADA8D1B1C389900ABB52B /* AFNetworkActivityIndicatorManager.h */,
				04BADA8E1B1C389900ABB52B /* AFNetworkActivityIndicatorManager.m */,
				04BADA8F1B1C389900ABB52B /* UIActivityIndicatorView+AFNetworking.h */,
				04BADA901B1C389900ABB52B /* UIActivityIndicatorView+AFNetworking.m */,
				04BADA911B1C389900ABB52B /* UIAlertView+AFNetworking.h */,
				04BADA921B1C389900ABB52B /* UIAlertView+AFNetworking.m */,
				04BADA931B1C389900ABB52B /* UIButton+AFNetworking.h */,
				04BADA941B1C389900ABB52B /* UIButton+AFNetworking.m */,
				04BADA951B1C389900ABB52B /* UIImageView+AFNetworking.h */,
				04BADA961B1C389900ABB52B /* UIImageView+AFNetworking.m */,
				04BADA971B1C389900ABB52B /* UIProgressView+AFNetworking.h */,
				04BADA981B1C389900ABB52B /* UIProgressView+AFNetworking.m */,
				04BADA991B1C389900ABB52B /* UIRefreshControl+AFNetworking.h */,
				04BADA9A1B1C389900ABB52B /* UIRefreshControl+AFNetworking.m */,
				04BADA9B1B1C389900ABB52B /* UIWebView+AFNetworking.h */,
				04BADA9C1B1C389900ABB52B /* UIWebView+AFNetworking.m */,
			);
			name = "UIKit+AFNetworking";
			sourceTree = "<group>";
		};
		04BADAAF1B1C396700ABB52B /* Frameworks */ = {
			isa = PBXGroup;
			children = (
				044C549B1B1EC5F700B5A5FF /* Accelerate.framework */,
				04BADAAD1B1C390D00ABB52B /* CoreGraphics.framework */,
				04BADAAB1B1C390200ABB52B /* Foundation.framework */,
				04BADAA91B1C38F700ABB52B /* UIKit.framework */,
				04BADAA71B1C38E700ABB52B /* CoreLocation.framework */,
				04BADAA51B1C38BB00ABB52B /* Security.framework */,
				04BADA681B1C371000ABB52B /* MobileCoreServices.framework */,
				04BADA661B1C370100ABB52B /* SystemConfiguration.framework */,
			);
			name = Frameworks;
			sourceTree = "<group>";
		};
/* End PBXGroup section */

/* Begin PBXNativeTarget section */
		04B029AB1B171FB000D88D16 /* OrderManage */ = {
			isa = PBXNativeTarget;
			buildConfigurationList = 04B029CF1B171FB000D88D16 /* Build configuration list for PBXNativeTarget "OrderManage" */;
			buildPhases = (
				04B029A81B171FB000D88D16 /* Sources */,
				04B029A91B171FB000D88D16 /* Frameworks */,
				04B029AA1B171FB000D88D16 /* Resources */,
			);
			buildRules = (
			);
			dependencies = (
			);
			name = OrderManage;
			productName = OrderManage;
			productReference = 04B029AC1B171FB000D88D16 /* OrderManage.app */;
			productType = "com.apple.product-type.application";
		};
		04B029C41B171FB000D88D16 /* OrderManageTests */ = {
			isa = PBXNativeTarget;
			buildConfigurationList = 04B029D21B171FB000D88D16 /* Build configuration list for PBXNativeTarget "OrderManageTests" */;
			buildPhases = (
				04B029C11B171FB000D88D16 /* Sources */,
				04B029C21B171FB000D88D16 /* Frameworks */,
				04B029C31B171FB000D88D16 /* Resources */,
			);
			buildRules = (
			);
			dependencies = (
				04B029C71B171FB000D88D16 /* PBXTargetDependency */,
			);
			name = OrderManageTests;
			productName = OrderManageTests;
			productReference = 04B029C51B171FB000D88D16 /* OrderManageTests.xctest */;
			productType = "com.apple.product-type.bundle.unit-test";
		};
/* End PBXNativeTarget section */

/* Begin PBXProject section */
		04B029A41B171FB000D88D16 /* Project object */ = {
			isa = PBXProject;
			attributes = {
				LastUpgradeCheck = 0620;
				ORGANIZATIONNAME = "感知";
				TargetAttributes = {
					04B029AB1B171FB000D88D16 = {
						CreatedOnToolsVersion = 6.2;
					};
					04B029C41B171FB000D88D16 = {
						CreatedOnToolsVersion = 6.2;
						TestTargetID = 04B029AB1B171FB000D88D16;
					};
				};
			};
			buildConfigurationList = 04B029A71B171FB000D88D16 /* Build configuration list for PBXProject "OrderManage" */;
			compatibilityVersion = "Xcode 3.2";
			developmentRegion = English;
			hasScannedForEncodings = 0;
			knownRegions = (
				en,
				Base,
			);
			mainGroup = 04B029A31B171FB000D88D16;
			productRefGroup = 04B029AD1B171FB000D88D16 /* Products */;
			projectDirPath = "";
			projectRoot = "";
			targets = (
				04B029AB1B171FB000D88D16 /* OrderManage */,
				04B029C41B171FB000D88D16 /* OrderManageTests */,
			);
		};
/* End PBXProject section */

/* Begin PBXResourcesBuildPhase section */
		04B029AA1B171FB000D88D16 /* Resources */ = {
			isa = PBXResourcesBuildPhase;
			buildActionMask = 2147483647;
			files = (
				04B02A051B17220600D88D16 /* 系统设置.png in Resources */,
				04B02A021B17220600D88D16 /* 密码.png in Resources */,
				04B02A031B17220600D88D16 /* 入库历史.png in Resources */,
				0423C2D71B1EEEF4000DCE8B /* imgpassword.png in Resources */,
				04B02A091B17220600D88D16 /* 原大小.png in Resources */,
				0423C2D61B1EEEF4000DCE8B /* imgName.png in Resources */,
				04B029FA1B17220600D88D16 /* 会员管理.png in Resources */,
				04B029D61B171FFC00D88D16 /* LaunchScreen.xib in Resources */,
				0423C2D91B1EEEF4000DCE8B /* imgsurePass.png in Resources */,
				0423C2DD1B1EFC1A000DCE8B /* registeButton2.png in Resources */,
				04B029E21B17210100D88D16 /* iPhone_iOS_57@2x.png in Resources */,
				0423C2D11B1EEEF4000DCE8B /* imgaddress.png in Resources */,
				04B02A0C1B1722A400D88D16 /* Main.storyboard in Resources */,
				04B02A081B17220600D88D16 /* 业务统计.png in Resources */,
				04B029E01B17210100D88D16 /* iPhone_iOS_40@2x.png in Resources */,
				0423C2D81B1EEEF4000DCE8B /* imgPhoneNUM.png in Resources */,
				04B02A041B17220600D88D16 /* 头像.png in Resources */,
				0423C2D31B1EEEF4000DCE8B /* imgcardID.png in Resources */,
				04B02A0A1B17220600D88D16 /* 账号.png in Resources */,
				04B029BD1B171FB000D88D16 /* Images.xcassets in Resources */,
				0423C2DB1B1EFA24000DCE8B /* registeButton.png in Resources */,
				04B029F91B17220600D88D16 /* 登陆按钮A.png in Resources */,
				04B029FB1B17220600D88D16 /* 会员列表.png in Resources */,
				04B02A071B17220600D88D16 /* 消费收银.png in Resources */,
				04B029E31B17210100D88D16 /* iPhone_iOS_60@2x.png in Resources */,
				0423C2D21B1EEEF4000DCE8B /* imgbirthday.png in Resources */,
				04B029FC1B17220600D88D16 /* 会员注册.png in Resources */,
				04B029FD1B17220600D88D16 /* 积分管理.png in Resources */,
				04B029E11B17210100D88D16 /* iPhone_iOS_57.png in Resources */,
				0423C2D51B1EEEF4000DCE8B /* imgEmail.png in Resources */,
				04B02A061B17220600D88D16 /* 消费明细.png in Resources */,
				04B02A011B17220600D88D16 /* 快速消费.png in Resources */,
				04B029DF1B17210100D88D16 /* iPhone_iOS_29@2x.png in Resources */,
				04B029FF1B17220600D88D16 /* 结算交班.png in Resources */,
				0423C2D41B1EEEF4000DCE8B /* imgcardType.png in Resources */,
				04B029FE1B17220600D88D16 /* 计次卡.png in Resources */,
				04B02A001B17220600D88D16 /* 库存盘点.png in Resources */,
				04B029DE1B17210100D88D16 /* iPhone_iOS_29.png in Resources */,
				04B029F81B17220600D88D16 /* 产品入库.png in Resources */,
			);
			runOnlyForDeploymentPostprocessing = 0;
		};
		04B029C31B171FB000D88D16 /* Resources */ = {
			isa = PBXResourcesBuildPhase;
			buildActionMask = 2147483647;
			files = (
			);
			runOnlyForDeploymentPostprocessing = 0;
		};
/* End PBXResourcesBuildPhase section */

/* Begin PBXSourcesBuildPhase section */
		04B029A81B171FB000D88D16 /* Sources */ = {
			isa = PBXSourcesBuildPhase;
			buildActionMask = 2147483647;
			files = (
				04BADA8A1B1C386500ABB52B /* AFSecurityPolicy.m in Sources */,
				04BADA7D1B1C383A00ABB52B /* AFURLSessionManager.m in Sources */,
				04BADAA01B1C389900ABB52B /* UIButton+AFNetworking.m in Sources */,
				04BADA871B1C385A00ABB52B /* AFNetworkReachabilityManager.m in Sources */,
				04BADAA21B1C389900ABB52B /* UIProgressView+AFNetworking.m in Sources */,
				04B029B51B171FB000D88D16 /* AppDelegate.m in Sources */,
				046E733A1B1869CD00C57B2D /* HttpRequest.m in Sources */,
				04B029B21B171FB000D88D16 /* main.m in Sources */,
				04BADAA31B1C389900ABB52B /* UIRefreshControl+AFNetworking.m in Sources */,
				04BADA761B1C382900ABB52B /* AFURLConnectionOperation.m in Sources */,
				04BADAA11B1C389900ABB52B /* UIImageView+AFNetworking.m in Sources */,
				047D2F9C1B17FF28003095DB /* LoginViewController.m in Sources */,
				0450AEAC1B1DB3840003ED6B /* RegisteViewController.m in Sources */,
				04BADA9F1B1C389900ABB52B /* UIAlertView+AFNetworking.m in Sources */,
				04BADA831B1C384D00ABB52B /* AFURLRequestSerialization.m in Sources */,
				04BADA7E1B1C383A00ABB52B /* AFHTTPSessionManager.m in Sources */,
				04BADAA41B1C389900ABB52B /* UIWebView+AFNetworking.m in Sources */,
				04BADA781B1C382900ABB52B /* AFHTTPRequestOperationManager.m in Sources */,
				04BADA841B1C384D00ABB52B /* AFURLResponseSerialization.m in Sources */,
				041B8FDB1B1D863500971014 /* MainViewController.m in Sources */,
				04BADA771B1C382900ABB52B /* AFHTTPRequestOperation.m in Sources */,
				048397091B1D5735005D6BB9 /* viewOtherDeal.m in Sources */,
				04BADA9E1B1C389900ABB52B /* UIActivityIndicatorView+AFNetworking.m in Sources */,
				04BADA9D1B1C389900ABB52B /* AFNetworkActivityIndicatorManager.m in Sources */,
			);
			runOnlyForDeploymentPostprocessing = 0;
		};
		04B029C11B171FB000D88D16 /* Sources */ = {
			isa = PBXSourcesBuildPhase;
			buildActionMask = 2147483647;
			files = (
				04B029CC1B171FB000D88D16 /* OrderManageTests.m in Sources */,
			);
			runOnlyForDeploymentPostprocessing = 0;
		};
/* End PBXSourcesBuildPhase section */

/* Begin PBXTargetDependency section */
		04B029C71B171FB000D88D16 /* PBXTargetDependency */ = {
			isa = PBXTargetDependency;
			target = 04B029AB1B171FB000D88D16 /* OrderManage */;
			targetProxy = 04B029C61B171FB000D88D16 /* PBXContainerItemProxy */;
		};
/* End PBXTargetDependency section */

/* Begin XCBuildConfiguration section */
		04B029CD1B171FB000D88D16 /* Debug */ = {
			isa = XCBuildConfiguration;
			buildSettings = {
				ALWAYS_SEARCH_USER_PATHS = NO;
				CLANG_CXX_LANGUAGE_STANDARD = "gnu++0x";
				CLANG_CXX_LIBRARY = "libc++";
				CLANG_ENABLE_MODULES = YES;
				CLANG_ENABLE_OBJC_ARC = YES;
				CLANG_WARN_BOOL_CONVERSION = YES;
				CLANG_WARN_CONSTANT_CONVERSION = YES;
				CLANG_WARN_DIRECT_OBJC_ISA_USAGE = YES_ERROR;
				CLANG_WARN_EMPTY_BODY = YES;
				CLANG_WARN_ENUM_CONVERSION = YES;
				CLANG_WARN_INT_CONVERSION = YES;
				CLANG_WARN_OBJC_ROOT_CLASS = YES_ERROR;
				CLANG_WARN_UNREACHABLE_CODE = YES;
				CLANG_WARN__DUPLICATE_METHOD_MATCH = YES;
				"CODE_SIGN_IDENTITY[sdk=iphoneos*]" = "iPhone Developer";
				COPY_PHASE_STRIP = NO;
				ENABLE_STRICT_OBJC_MSGSEND = YES;
				GCC_C_LANGUAGE_STANDARD = gnu99;
				GCC_DYNAMIC_NO_PIC = NO;
				GCC_OPTIMIZATION_LEVEL = 0;
				GCC_PREPROCESSOR_DEFINITIONS = (
					"DEBUG=1",
					"$(inherited)",
				);
				GCC_SYMBOLS_PRIVATE_EXTERN = NO;
				GCC_WARN_64_TO_32_BIT_CONVERSION = YES;
				GCC_WARN_ABOUT_RETURN_TYPE = YES_ERROR;
				GCC_WARN_UNDECLARED_SELECTOR = YES;
				GCC_WARN_UNINITIALIZED_AUTOS = YES_AGGRESSIVE;
				GCC_WARN_UNUSED_FUNCTION = YES;
				GCC_WARN_UNUSED_VARIABLE = YES;
				IPHONEOS_DEPLOYMENT_TARGET = 8.2;
				MTL_ENABLE_DEBUG_INFO = YES;
				ONLY_ACTIVE_ARCH = YES;
				SDKROOT = iphoneos;
			};
			name = Debug;
		};
		04B029CE1B171FB000D88D16 /* Release */ = {
			isa = XCBuildConfiguration;
			buildSettings = {
				ALWAYS_SEARCH_USER_PATHS = NO;
				CLANG_CXX_LANGUAGE_STANDARD = "gnu++0x";
				CLANG_CXX_LIBRARY = "libc++";
				CLANG_ENABLE_MODULES = YES;
				CLANG_ENABLE_OBJC_ARC = YES;
				CLANG_WARN_BOOL_CONVERSION = YES;
				CLANG_WARN_CONSTANT_CONVERSION = YES;
				CLANG_WARN_DIRECT_OBJC_ISA_USAGE = YES_ERROR;
				CLANG_WARN_EMPTY_BODY = YES;
				CLANG_WARN_ENUM_CONVERSION = YES;
				CLANG_WARN_INT_CONVERSION = YES;
				CLANG_WARN_OBJC_ROOT_CLASS = YES_ERROR;
				CLANG_WARN_UNREACHABLE_CODE = YES;
				CLANG_WARN__DUPLICATE_METHOD_MATCH = YES;
				"CODE_SIGN_IDENTITY[sdk=iphoneos*]" = "iPhone Developer";
				COPY_PHASE_STRIP = NO;
				ENABLE_NS_ASSERTIONS = NO;
				ENABLE_STRICT_OBJC_MSGSEND = YES;
				GCC_C_LANGUAGE_STANDARD = gnu99;
				GCC_WARN_64_TO_32_BIT_CONVERSION = YES;
				GCC_WARN_ABOUT_RETURN_TYPE = YES_ERROR;
				GCC_WARN_UNDECLARED_SELECTOR = YES;
				GCC_WARN_UNINITIALIZED_AUTOS = YES_AGGRESSIVE;
				GCC_WARN_UNUSED_FUNCTION = YES;
				GCC_WARN_UNUSED_VARIABLE = YES;
				IPHONEOS_DEPLOYMENT_TARGET = 8.2;
				MTL_ENABLE_DEBUG_INFO = NO;
				SDKROOT = iphoneos;
				VALIDATE_PRODUCT = YES;
			};
			name = Release;
		};
		04B029D01B171FB000D88D16 /* Debug */ = {
			isa = XCBuildConfiguration;
			buildSettings = {
				ASSETCATALOG_COMPILER_APPICON_NAME = AppIcon;
				INFOPLIST_FILE = OrderManage/Info.plist;
				LD_RUNPATH_SEARCH_PATHS = "$(inherited) @executable_path/Frameworks";
				PRODUCT_NAME = "$(TARGET_NAME)";
			};
			name = Debug;
		};
		04B029D11B171FB000D88D16 /* Release */ = {
			isa = XCBuildConfiguration;
			buildSettings = {
				ASSETCATALOG_COMPILER_APPICON_NAME = AppIcon;
				INFOPLIST_FILE = OrderManage/Info.plist;
				LD_RUNPATH_SEARCH_PATHS = "$(inherited) @executable_path/Frameworks";
				PRODUCT_NAME = "$(TARGET_NAME)";
			};
			name = Release;
		};
		04B029D31B171FB000D88D16 /* Debug */ = {
			isa = XCBuildConfiguration;
			buildSettings = {
				BUNDLE_LOADER = "$(TEST_HOST)";
				FRAMEWORK_SEARCH_PATHS = (
					"$(SDKROOT)/Developer/Library/Frameworks",
					"$(inherited)",
				);
				GCC_PREPROCESSOR_DEFINITIONS = (
					"DEBUG=1",
					"$(inherited)",
				);
				INFOPLIST_FILE = OrderManageTests/Info.plist;
				LD_RUNPATH_SEARCH_PATHS = "$(inherited) @executable_path/Frameworks @loader_path/Frameworks";
				PRODUCT_NAME = "$(TARGET_NAME)";
				TEST_HOST = "$(BUILT_PRODUCTS_DIR)/OrderManage.app/OrderManage";
			};
			name = Debug;
		};
		04B029D41B171FB000D88D16 /* Release */ = {
			isa = XCBuildConfiguration;
			buildSettings = {
				BUNDLE_LOADER = "$(TEST_HOST)";
				FRAMEWORK_SEARCH_PATHS = (
					"$(SDKROOT)/Developer/Library/Frameworks",
					"$(inherited)",
				);
				INFOPLIST_FILE = OrderManageTests/Info.plist;
				LD_RUNPATH_SEARCH_PATHS = "$(inherited) @executable_path/Frameworks @loader_path/Frameworks";
				PRODUCT_NAME = "$(TARGET_NAME)";
				TEST_HOST = "$(BUILT_PRODUCTS_DIR)/OrderManage.app/OrderManage";
			};
			name = Release;
		};
/* End XCBuildConfiguration section */

/* Begin XCConfigurationList section */
		04B029A71B171FB000D88D16 /* Build configuration list for PBXProject "OrderManage" */ = {
			isa = XCConfigurationList;
			buildConfigurations = (
				04B029CD1B171FB000D88D16 /* Debug */,
				04B029CE1B171FB000D88D16 /* Release */,
			);
			defaultConfigurationIsVisible = 0;
			defaultConfigurationName = Release;
		};
		04B029CF1B171FB000D88D16 /* Build configuration list for PBXNativeTarget "OrderManage" */ = {
			isa = XCConfigurationList;
			buildConfigurations = (
				04B029D01B171FB000D88D16 /* Debug */,
				04B029D11B171FB000D88D16 /* Release */,
			);
			defaultConfigurationIsVisible = 0;
			defaultConfigurationName = Release;
		};
		04B029D21B171FB000D88D16 /* Build configuration list for PBXNativeTarget "OrderManageTests" */ = {
			isa = XCConfigurationList;
			buildConfigurations = (
				04B029D31B171FB000D88D16 /* Debug */,
				04B029D41B171FB000D88D16 /* Release */,
			);
			defaultConfigurationIsVisible = 0;
			defaultConfigurationName = Release;
		};
/* End XCConfigurationList section */
	};
	rootObject = 04B029A41B171FB000D88D16 /* Project object */;
}
